dependencies:
- name: mongodb
  repository: https://kubernetes-charts.storage.googleapis.com
  version: 5.2.0
- name: cassandra
  repository: https://kubernetes-charts-incubator.storage.googleapis.com
  version: 0.10.1
- name: influxdb
  repository: https://kubernetes-charts.storage.googleapis.com
  version: 1.4.1
- name: warp10
  repository: https://sitewhere.io/helm-charts
  version: 0.1.1
- name: postgresql
  repository: https://kubernetes-charts.storage.googleapis.com
  version: 6.5.0
digest: sha256:7cde283d8c282e2630336206e2f743d6e37b0155395601adcde819d77fdc8673
generated: 2019-11-11T10:37:02.745127-03:00
