dependencies:
- name: mongodb
  repository: https://kubernetes-charts.storage.googleapis.com
  version: 5.2.0
- name: cassandra
  repository: https://kubernetes-charts-incubator.storage.googleapis.com
  version: 0.10.1
- name: influxdb
  repository: https://kubernetes-charts.storage.googleapis.com
  version: 1.0.0
digest: sha256:14089640a64be8eb1abd31e378c9a6ff606f7b52b6a7d85b57106f3c9329f6d7
generated: 2019-05-16T13:02:53.57116-03:00
