dependencies:
- name: mongodb
  repository: https://kubernetes-charts.storage.googleapis.com
  version: 5.2.0
- name: cassandra
  repository: https://kubernetes-charts-incubator.storage.googleapis.com
  version: 0.10.1
- name: influxdb
  repository: https://kubernetes-charts.storage.googleapis.com
  version: 3.0.2
- name: warp10
  repository: https://sitewhere.io/helm-charts
  version: 0.2.1
- name: postgresql
  repository: https://kubernetes-charts.storage.googleapis.com
  version: 8.6.4
digest: sha256:e0253ec694b75183786276be7e8f6ce74ea0365253373f56fe9282519dc9e9ce
generated: 2020-06-03T10:37:38.349413-03:00
