dependencies:
- name: postgresql
  repository: https://kubernetes-charts.storage.googleapis.com
  version: 8.6.4
- name: redis-ha
  repository: https://kubernetes-charts.storage.googleapis.com
  version: 4.4.4
- name: nifi
  repository: https://cetic.github.io/helm-charts
  version: 0.3.2
- name: warp10
  repository: https://sitewhere.io/helm-charts
  version: 0.2.3
digest: sha256:d690fe4c44841c5f225c0860a60b7ef9f3f38312d99931c600146cfcb650e828
generated: 2020-06-23T11:48:20.321227-03:00
