dependencies:
- name: postgresql
  repository: https://kubernetes-charts.storage.googleapis.com
  version: 8.6.4
- name: redis-ha
  repository: https://kubernetes-charts.storage.googleapis.com
  version: 4.4.4
- name: nifi
  repository: https://cetic.github.io/helm-charts
  version: 0.3.2
- name: warp10
  repository: https://sitewhere.io/helm-charts
  version: 0.2.2
digest: sha256:601d98eb6b7f3ac3ad02ace2bfa654ebff54ccc877d054c8797f43a37b1d553c
generated: 2020-06-23T11:22:46.912607-03:00
