dependencies:
- name: postgresql
  repository: https://kubernetes-charts.storage.googleapis.com
  version: 8.6.4
- name: redis-ha
  repository: https://kubernetes-charts.storage.googleapis.com
  version: 4.4.4
- name: nifi
  repository: https://cetic.github.io/helm-charts
  version: 0.3.2
- name: warp10
  repository: https://sitewhere.io/helm-charts
  version: 0.2.1
digest: sha256:d2998580753197be4e737544371290c7d0e40fd9a6559b8f59cbed3593fd5021
generated: 2020-06-23T10:50:45.80745-03:00
