dependencies:
- name: postgresql
  repository: https://charts.bitnami.com/bitnami
  version: 9.1.1
- name: influxdb
  repository: https://influxdata.github.io/helm-charts
  version: 4.8.10
- name: redis
  repository: https://charts.bitnami.com/bitnami
  version: 12.6.2
- name: nifi
  repository: https://cetic.github.io/helm-charts
  version: 0.3.2
- name: mosquitto
  repository: https://k8s-at-home.com/charts/
  version: 0.7.0
- name: strimzi-kafka-operator
  repository: https://strimzi.io/charts/
  version: 0.21.0
- name: keycloak
  repository: https://codecentric.github.io/helm-charts
  version: 10.1.0
digest: sha256:20218d8d3fcfa13f651aec1e79a0835aaa489311244b6a7e7b9a0ae1a24f1461
generated: "2021-03-23T10:03:58.1000564-04:00"
