dependencies:
- name: postgresql
  repository: https://charts.bitnami.com/bitnami
  version: 9.1.1
- name: influxdb
  repository: https://influxdata.github.io/helm-charts
  version: 4.8.10
- name: redis
  repository: https://charts.bitnami.com/bitnami
  version: 12.6.2
- name: nifi
  repository: https://cetic.github.io/helm-charts
  version: 0.3.2
- name: mosquitto
  repository: https://k8s-at-home.com/charts/
  version: 0.7.0
- name: strimzi-kafka-operator
  repository: https://strimzi.io/charts/
  version: 0.21.0
- name: keycloak
  repository: https://codecentric.github.io/helm-charts
  version: 9.8.1
digest: sha256:fea9c229bbd28548dc9725577e5f63ef2908fd91edd5eed183a1e1ae7e3ab0d1
generated: "2021-01-20T15:43:09.5459881-05:00"
