dependencies:
- name: postgresql
  repository: https://kubernetes-charts.storage.googleapis.com
  version: 8.1.0
- name: redis-ha
  repository: https://kubernetes-charts.storage.googleapis.com
  version: 4.3.3
- name: nifi
  repository: https://cetic.github.io/helm-charts
  version: 0.3.2
digest: sha256:ee9db18920771f6af04d13d5a4a513e912295ee4f51260942ced4f4586278c64
generated: 2020-02-11T09:25:53.193504-05:00
