dependencies:
- name: consul
  repository: https://kubernetes-charts.storage.googleapis.com
  version: 3.5.0
- name: kafka
  repository: https://kubernetes-charts-incubator.storage.googleapis.com
  version: 0.13.1
digest: sha256:bfb7eb9909e66366f94af117ffc6870246801b3e3f07f6a95f8544873005ce74
generated: 2019-05-03T10:29:48.671385-03:00
