dependencies:
- name: postgresql
  repository: https://kubernetes-charts.storage.googleapis.com
  version: 5.3.7
- name: prometheus
  repository: https://kubernetes-charts.storage.googleapis.com
  version: 8.11.4
digest: sha256:8d30c36bdd17637d190a79167819d57e7f02e3ab8910cdb4d55f86ba31e16ae0
generated: 2019-06-19T16:24:32.187309-03:00
